
Microsoft Visual Studio Solution File, Format Version 12.00
# Visual Studio Version 16
VisualStudioVersion = 16.6.30114.105
MinimumVisualStudioVersion = 10.0.40219.1
Project("{9A19103F-16F7-4668-BE54-9A1E7A4F7556}") = "Facilityz", "Facilityz.csproj", "{711B0A99-0677-4849-86F4-026F368AFAF4}"
EndProject
Global
	GlobalSection(SolutionConfigurationPlatforms) = preSolution
		Debug|Any CPU = Debug|Any CPU
		Debug|x64 = Debug|x64
		Debug|x86 = Debug|x86
		Release|Any CPU = Release|Any CPU
		Release|x64 = Release|x64
		Release|x86 = Release|x86
	EndGlobalSection
	GlobalSection(ProjectConfigurationPlatforms) = postSolution
		{711B0A99-0677-4849-86F4-026F368AFAF4}.Debug|Any CPU.ActiveCfg = Debug|Any CPU
		{711B0A99-0677-4849-86F4-026F368AFAF4}.Debug|Any CPU.Build.0 = Debug|Any CPU
		{711B0A99-0677-4849-86F4-026F368AFAF4}.Debug|x64.ActiveCfg = Debug|Any CPU
		{711B0A99-0677-4849-86F4-026F368AFAF4}.Debug|x64.Build.0 = Debug|Any CPU
		{711B0A99-0677-4849-86F4-026F368AFAF4}.Debug|x86.ActiveCfg = Debug|Any CPU
		{711B0A99-0677-4849-86F4-026F368AFAF4}.Debug|x86.Build.0 = Debug|Any CPU
		{711B0A99-0677-4849-86F4-026F368AFAF4}.Release|Any CPU.ActiveCfg = Release|Any CPU
		{711B0A99-0677-4849-86F4-026F368AFAF4}.Release|Any CPU.Build.0 = Release|Any CPU
		{711B0A99-0677-4849-86F4-026F368AFAF4}.Release|x64.ActiveCfg = Release|Any CPU
		{711B0A99-0677-4849-86F4-026F368AFAF4}.Release|x64.Build.0 = Release|Any CPU
		{711B0A99-0677-4849-86F4-026F368AFAF4}.Release|x86.ActiveCfg = Release|Any CPU
		{711B0A99-0677-4849-86F4-026F368AFAF4}.Release|x86.Build.0 = Release|Any CPU
	EndGlobalSection
	GlobalSection(SolutionProperties) = preSolution
		HideSolutionNode = FALSE
	EndGlobalSection
	GlobalSection(ExtensibilityGlobals) = postSolution
		SolutionGuid = {AFA928C1-67FB-4E65-87FA-7D8F2322375B}
	EndGlobalSection
EndGlobal
